{
	"name": "input",
	"version": "0.0.0",
	"lockfileVersion": 1,
	"requires": true,
	"dependencies": {
		"@babel/helper-annotate-as-pure": {
			"version": "7.0.0",
			"resolved": "https://art-bobcat.autodesk.com:443/artifactory/api/npm/team-account-npm-virtual/@babel/helper-annotate-as-pure/-/helper-annotate-as-pure-7.0.0.tgz",
			"integrity": "sha1-Mj053QtQ4Qx8Bsp9djjmhk2MXDI=",
			"requires": {
				"@babel/types": "7.5.0"
			}
		},
		"@babel/helper-module-imports": {
			"version": "7.0.0",
			"resolved": "https://art-bobcat.autodesk.com:443/artifactory/api/npm/team-account-npm-virtual/@babel/helper-module-imports/-/helper-module-imports-7.0.0.tgz",
			"integrity": "sha1-lggbcRHkhtpNLNlxrRpP4hbMLj0=",
			"requires": {
				"@babel/types": "7.5.0"
			}
		},
		"@babel/types": {
			"version": "7.5.0",
			"resolved": "https://art-bobcat.autodesk.com:443/artifactory/api/npm/team-account-npm-virtual/@babel/types/-/types-7.5.0.tgz",
			"integrity": "sha1-5H1DhAwuf5EFvE06LDcbTQx4Mqs=",
			"requires": {
				"esutils": "2.0.2",
				"lodash": "4.17.14",
				"to-fast-properties": "2.0.0"
			}
		},
		"@emotion/is-prop-valid": {
			"version": "0.7.3",
			"resolved": "https://art-bobcat.autodesk.com:443/artifactory/api/npm/team-account-npm-virtual/@emotion/is-prop-valid/-/is-prop-valid-0.7.3.tgz",
			"integrity": "sha1-pr9PpTh8u6WdROaYpGgPSBqNpsw=",
			"requires": {
				"@emotion/memoize": "0.7.1"
			}
		},
		"@emotion/memoize": {
			"version": "0.7.1",
			"resolved": "https://art-bobcat.autodesk.com:443/artifactory/api/npm/team-account-npm-virtual/@emotion/memoize/-/memoize-0.7.1.tgz",
			"integrity": "sha1-6TwTlCWSz17wGqgpdETcGSvu5S8="
		},
		"@emotion/unitless": {
			"version": "0.7.4",
			"resolved": "https://art-bobcat.autodesk.com:443/artifactory/api/npm/team-account-npm-virtual/@emotion/unitless/-/unitless-0.7.4.tgz",
			"integrity": "sha1-qHtLBOWuFKiNSOvvFQFfa30fVnc="
		},
		"babel-plugin-styled-components": {
			"version": "1.10.6",
			"resolved": "https://art-bobcat.autodesk.com:443/artifactory/api/npm/team-account-npm-virtual/babel-plugin-styled-components/-/babel-plugin-styled-components-1.10.6.tgz",
			"integrity": "sha1-+HgpU3URFfrwmp+SQxQ2kSw0AGs=",
			"requires": {
				"@babel/helper-annotate-as-pure": "7.0.0",
				"@babel/helper-module-imports": "7.0.0",
				"babel-plugin-syntax-jsx": "6.18.0",
				"lodash": "4.17.14"
			}
		},
		"babel-plugin-syntax-jsx": {
			"version": "6.18.0",
			"resolved": "https://art-bobcat.autodesk.com:443/artifactory/api/npm/team-account-npm-virtual/babel-plugin-syntax-jsx/-/babel-plugin-syntax-jsx-6.18.0.tgz",
			"integrity": "sha1-CvMqmm4Tyno/1QaeYtew9Y0NiUY="
		},
		"camelize": {
			"version": "1.0.0",
			"resolved": "https://art-bobcat.autodesk.com:443/artifactory/api/npm/team-account-npm-virtual/camelize/-/camelize-1.0.0.tgz",
			"integrity": "sha1-FkpUg+Yw+kMh5a8HAg5TGDGyYJs="
		},
		"css-color-keywords": {
			"version": "1.0.0",
			"resolved": "https://art-bobcat.autodesk.com:443/artifactory/api/npm/team-account-npm-virtual/css-color-keywords/-/css-color-keywords-1.0.0.tgz",
			"integrity": "sha1-/qJhbcZ2spYmhrOvjb2+GAskTgU="
		},
		"css-to-react-native": {
			"version": "2.3.1",
			"resolved": "https://art-bobcat.autodesk.com:443/artifactory/api/npm/team-account-npm-virtual/css-to-react-native/-/css-to-react-native-2.3.1.tgz",
			"integrity": "sha1-zw9h4FFIRuLU3BiLCIbinYvvZKI=",
			"requires": {
				"camelize": "1.0.0",
				"css-color-keywords": "1.0.0",
				"postcss-value-parser": "3.3.1"
			}
		},
		"esutils": {
			"version": "2.0.2",
			"resolved": "https://art-bobcat.autodesk.com:443/artifactory/api/npm/team-account-npm-virtual/esutils/-/esutils-2.0.2.tgz",
			"integrity": "sha1-Cr9PHKpbyx96nYrMbepPqqBLrJs="
		},
		"has-flag": {
			"version": "3.0.0",
			"resolved": "https://art-bobcat.autodesk.com:443/artifactory/api/npm/team-account-npm-virtual/has-flag/-/has-flag-3.0.0.tgz",
			"integrity": "sha1-tdRU3CGZriJWmfNGfloH87lVuv0="
		},
		"js-tokens": {
			"version": "4.0.0",
			"resolved": "https://art-bobcat.autodesk.com:443/artifactory/api/npm/team-account-npm-virtual/js-tokens/-/js-tokens-4.0.0.tgz",
			"integrity": "sha1-GSA/tZmR35jjoocFDUZHzerzJJk="
		},
		"lodash": {
			"version": "4.17.14",
			"resolved": "https://art-bobcat.autodesk.com:443/artifactory/api/npm/team-account-npm-virtual/lodash/-/lodash-4.17.14.tgz",
			"integrity": "sha1-nOSHrmbJYlT+ILWZ8htoFgKAeLo="
		},
		"loose-envify": {
			"version": "1.4.0",
			"resolved": "https://art-bobcat.autodesk.com:443/artifactory/api/npm/team-account-npm-virtual/loose-envify/-/loose-envify-1.4.0.tgz",
			"integrity": "sha1-ce5R+nvkyuwaY4OffmgtgTLTDK8=",
			"requires": {
				"js-tokens": "4.0.0"
			}
		},
		"memoize-one": {
			"version": "4.1.0",
			"resolved": "https://art-bobcat.autodesk.com:443/artifactory/api/npm/team-account-npm-virtual/memoize-one/-/memoize-one-4.1.0.tgz",
			"integrity": "sha1-ojh8WMA//yfKOQwxt2Snmt3z+QY="
		},
		"object-assign": {
			"version": "4.1.1",
			"resolved": "https://art-bobcat.autodesk.com:443/artifactory/api/npm/team-account-npm-virtual/object-assign/-/object-assign-4.1.1.tgz",
			"integrity": "sha1-IQmtx5ZYh8/AXLvUQsrIv7s2CGM="
		},
		"postcss-value-parser": {
			"version": "3.3.1",
			"resolved": "https://art-bobcat.autodesk.com:443/artifactory/api/npm/team-account-npm-virtual/postcss-value-parser/-/postcss-value-parser-3.3.1.tgz",
			"integrity": "sha1-n/giVH4okyE88cMO+lGsX9G6goE="
		},
		"prop-types": {
			"version": "15.7.2",
			"resolved": "https://art-bobcat.autodesk.com:443/artifactory/api/npm/team-account-npm-virtual/prop-types/-/prop-types-15.7.2.tgz",
			"integrity": "sha1-UsQedbjIfnK52TYOAga5ncv/psU=",
			"requires": {
				"loose-envify": "1.4.0",
				"object-assign": "4.1.1",
				"react-is": "16.8.6"
			}
		},
		"react": {
			"version": "16.8.5",
			"resolved": "https://art-bobcat.autodesk.com:443/artifactory/api/npm/team-account-npm-virtual/react/-/react-16.8.5.tgz",
			"integrity": "sha1-Sb47ZVSJ10UErZlAFkB+igRF3mY=",
			"requires": {
				"loose-envify": "1.4.0",
				"object-assign": "4.1.1",
				"prop-types": "15.7.2",
				"scheduler": "0.13.6"
			}
		},
		"react-dom": {
			"version": "16.8.5",
			"resolved": "https://art-bobcat.autodesk.com:443/artifactory/api/npm/team-account-npm-virtual/react-dom/-/react-dom-16.8.5.tgz",
			"integrity": "sha1-s+N9FStJ4H+qqN5B/fVivjRjM14=",
			"requires": {
				"loose-envify": "1.4.0",
				"object-assign": "4.1.1",
				"prop-types": "15.7.2",
				"scheduler": "0.13.6"
			}
		},
		"react-is": {
			"version": "16.8.6",
			"resolved": "https://art-bobcat.autodesk.com:443/artifactory/api/npm/team-account-npm-virtual/react-is/-/react-is-16.8.6.tgz",
			"integrity": "sha1-W7weLSkUHJ+9/tRWND/ivEMKahY="
		},
		"scheduler": {
			"version": "0.13.6",
			"resolved": "https://art-bobcat.autodesk.com:443/artifactory/api/npm/team-account-npm-virtual/scheduler/-/scheduler-0.13.6.tgz",
			"integrity": "sha1-RmpOwzJGezGpG5v3TlNHBy5M2Ik=",
			"requires": {
				"loose-envify": "1.4.0",
				"object-assign": "4.1.1"
			}
		},
		"styled-components": {
			"version": "4.1.3",
			"resolved": "https://art-bobcat.autodesk.com:443/artifactory/api/npm/team-account-npm-virtual/styled-components/-/styled-components-4.1.3.tgz",
			"integrity": "sha1-RHJEcgjmGLV+hN6q62rNNKXg/ps=",
			"requires": {
				"@babel/helper-module-imports": "7.0.0",
				"@emotion/is-prop-valid": "0.7.3",
				"@emotion/unitless": "0.7.4",
				"babel-plugin-styled-components": "1.10.6",
				"css-to-react-native": "2.3.1",
				"memoize-one": "4.1.0",
				"prop-types": "15.7.2",
				"react-is": "16.8.6",
				"stylis": "3.5.4",
				"stylis-rule-sheet": "0.0.10",
				"supports-color": "5.5.0"
			}
		},
		"stylis": {
			"version": "3.5.4",
			"resolved": "https://art-bobcat.autodesk.com:443/artifactory/api/npm/team-account-npm-virtual/stylis/-/stylis-3.5.4.tgz",
			"integrity": "sha1-9mXyX14pnPPWRlSrlJpXx2i3P74="
		},
		"stylis-rule-sheet": {
			"version": "0.0.10",
			"resolved": "https://art-bobcat.autodesk.com:443/artifactory/api/npm/team-account-npm-virtual/stylis-rule-sheet/-/stylis-rule-sheet-0.0.10.tgz",
			"integrity": "sha1-ROZKKwdmQ/S1Ll/3HvwE2MPEpDA="
		},
		"supports-color": {
			"version": "5.5.0",
			"resolved": "https://art-bobcat.autodesk.com:443/artifactory/api/npm/team-account-npm-virtual/supports-color/-/supports-color-5.5.0.tgz",
			"integrity": "sha1-4uaaRKyHcveKHsCzW2id9lMO/I8=",
			"requires": {
				"has-flag": "3.0.0"
			}
		},
		"to-fast-properties": {
			"version": "2.0.0",
			"resolved": "https://art-bobcat.autodesk.com:443/artifactory/api/npm/team-account-npm-virtual/to-fast-properties/-/to-fast-properties-2.0.0.tgz",
			"integrity": "sha1-3F5pjL0HkmW8c+A3doGk5Og/YW4="
		}
	}
}
